// !$*UTF8*$!
{
	archiveVersion = 1;
	classes = {
	};
	objectVersion = 55;
	objects = {

/* Begin PBXBuildFile section */
		355220BE27D2B8C100547EC6 /* ApiConstants.swift in Sources */ = {isa = PBXBuildFile; fileRef = 355220BD27D2B8C100547EC6 /* ApiConstants.swift */; };
		355220C027D2B8D400547EC6 /* ApiService.swift in Sources */ = {isa = PBXBuildFile; fileRef = 355220BF27D2B8D400547EC6 /* ApiService.swift */; };
		355220C327D2B9BC00547EC6 /* Models.swift in Sources */ = {isa = PBXBuildFile; fileRef = 355220C227D2B9BC00547EC6 /* Models.swift */; };
		355220C627D2BFAF00547EC6 /* UsersVC.swift in Sources */ = {isa = PBXBuildFile; fileRef = 355220C527D2BFAF00547EC6 /* UsersVC.swift */; };
		355220C927D2C2FA00547EC6 /* UserCell.swift in Sources */ = {isa = PBXBuildFile; fileRef = 355220C727D2C2FA00547EC6 /* UserCell.swift */; };
		355220CA27D2C2FA00547EC6 /* UserCell.xib in Resources */ = {isa = PBXBuildFile; fileRef = 355220C827D2C2FA00547EC6 /* UserCell.xib */; };
		355220CC27D2EE1E00547EC6 /* UserDetailedVC.swift in Sources */ = {isa = PBXBuildFile; fileRef = 355220CB27D2EE1E00547EC6 /* UserDetailedVC.swift */; };
		357E64EA27CD9F330020C329 /* Constants.swift in Sources */ = {isa = PBXBuildFile; fileRef = 357E64E927CD9F330020C329 /* Constants.swift */; };
		358BD25627CD65C80030A33C /* AppDelegate.swift in Sources */ = {isa = PBXBuildFile; fileRef = 358BD25527CD65C80030A33C /* AppDelegate.swift */; };
		358BD25827CD65C80030A33C /* SceneDelegate.swift in Sources */ = {isa = PBXBuildFile; fileRef = 358BD25727CD65C80030A33C /* SceneDelegate.swift */; };
		358BD25A27CD65C80030A33C /* MainVC.swift in Sources */ = {isa = PBXBuildFile; fileRef = 358BD25927CD65C80030A33C /* MainVC.swift */; };
		358BD25D27CD65C80030A33C /* Main.storyboard in Resources */ = {isa = PBXBuildFile; fileRef = 358BD25B27CD65C80030A33C /* Main.storyboard */; };
		358BD25F27CD65CA0030A33C /* Assets.xcassets in Resources */ = {isa = PBXBuildFile; fileRef = 358BD25E27CD65CA0030A33C /* Assets.xcassets */; };
		358BD26227CD65CA0030A33C /* LaunchScreen.storyboard in Resources */ = {isa = PBXBuildFile; fileRef = 358BD26027CD65CA0030A33C /* LaunchScreen.storyboard */; };
		35E2921627D56A6400A29B76 /* Alamofire in Frameworks */ = {isa = PBXBuildFile; productRef = 35E2921527D56A6400A29B76 /* Alamofire */; };
		35E2921927D56F7900A29B76 /* SwiftyJSON in Frameworks */ = {isa = PBXBuildFile; productRef = 35E2921827D56F7900A29B76 /* SwiftyJSON */; };
/* End PBXBuildFile section */

/* Begin PBXFileReference section */
		355220BD27D2B8C100547EC6 /* ApiConstants.swift */ = {isa = PBXFileReference; lastKnownFileType = sourcecode.swift; path = ApiConstants.swift; sourceTree = "<group>"; };
		355220BF27D2B8D400547EC6 /* ApiService.swift */ = {isa = PBXFileReference; lastKnownFileType = sourcecode.swift; path = ApiService.swift; sourceTree = "<group>"; };
		355220C227D2B9BC00547EC6 /* Models.swift */ = {isa = PBXFileReference; lastKnownFileType = sourcecode.swift; path = Models.swift; sourceTree = "<group>"; };
		355220C527D2BFAF00547EC6 /* UsersVC.swift */ = {isa = PBXFileReference; lastKnownFileType = sourcecode.swift; path = UsersVC.swift; sourceTree = "<group>"; };
		355220C727D2C2FA00547EC6 /* UserCell.swift */ = {isa = PBXFileReference; lastKnownFileType = sourcecode.swift; path = UserCell.swift; sourceTree = "<group>"; };
		355220C827D2C2FA00547EC6 /* UserCell.xib */ = {isa = PBXFileReference; lastKnownFileType = file.xib; path = UserCell.xib; sourceTree = "<group>"; };
		355220CB27D2EE1E00547EC6 /* UserDetailedVC.swift */ = {isa = PBXFileReference; lastKnownFileType = sourcecode.swift; path = UserDetailedVC.swift; sourceTree = "<group>"; };
		357E64E927CD9F330020C329 /* Constants.swift */ = {isa = PBXFileReference; lastKnownFileType = sourcecode.swift; path = Constants.swift; sourceTree = "<group>"; };
		358BD25227CD65C80030A33C /* ImageFetchApp.app */ = {isa = PBXFileReference; explicitFileType = wrapper.application; includeInIndex = 0; path = ImageFetchApp.app; sourceTree = BUILT_PRODUCTS_DIR; };
		358BD25527CD65C80030A33C /* AppDelegate.swift */ = {isa = PBXFileReference; lastKnownFileType = sourcecode.swift; path = AppDelegate.swift; sourceTree = "<group>"; };
		358BD25727CD65C80030A33C /* SceneDelegate.swift */ = {isa = PBXFileReference; lastKnownFileType = sourcecode.swift; path = SceneDelegate.swift; sourceTree = "<group>"; };
		358BD25927CD65C80030A33C /* MainVC.swift */ = {isa = PBXFileReference; lastKnownFileType = sourcecode.swift; path = MainVC.swift; sourceTree = "<group>"; };
		358BD25C27CD65C80030A33C /* Base */ = {isa = PBXFileReference; lastKnownFileType = file.storyboard; name = Base; path = Base.lproj/Main.storyboard; sourceTree = "<group>"; };
		358BD25E27CD65CA0030A33C /* Assets.xcassets */ = {isa = PBXFileReference; lastKnownFileType = folder.assetcatalog; path = Assets.xcassets; sourceTree = "<group>"; };
		358BD26127CD65CA0030A33C /* Base */ = {isa = PBXFileReference; lastKnownFileType = file.storyboard; name = Base; path = Base.lproj/LaunchScreen.storyboard; sourceTree = "<group>"; };
		358BD26327CD65CA0030A33C /* Info.plist */ = {isa = PBXFileReference; lastKnownFileType = text.plist.xml; path = Info.plist; sourceTree = "<group>"; };
/* End PBXFileReference section */

/* Begin PBXFrameworksBuildPhase section */
		358BD24F27CD65C80030A33C /* Frameworks */ = {
			isa = PBXFrameworksBuildPhase;
			buildActionMask = 2147483647;
			files = (
				35E2921927D56F7900A29B76 /* SwiftyJSON in Frameworks */,
				35E2921627D56A6400A29B76 /* Alamofire in Frameworks */,
			);
			runOnlyForDeploymentPostprocessing = 0;
		};
/* End PBXFrameworksBuildPhase section */

/* Begin PBXGroup section */
		355220C127D2B8D900547EC6 /* API */ = {
			isa = PBXGroup;
			children = (
				355220BD27D2B8C100547EC6 /* ApiConstants.swift */,
				355220BF27D2B8D400547EC6 /* ApiService.swift */,
			);
			path = API;
			sourceTree = "<group>";
		};
		355220C427D2B9C200547EC6 /* Models */ = {
			isa = PBXGroup;
			children = (
				355220C227D2B9BC00547EC6 /* Models.swift */,
			);
			path = Models;
			sourceTree = "<group>";
		};
		357E64EB27CD9F360020C329 /* Data */ = {
			isa = PBXGroup;
			children = (
				357E64E927CD9F330020C329 /* Constants.swift */,
			);
			path = Data;
			sourceTree = "<group>";
		};
		358BD24927CD65C80030A33C = {
			isa = PBXGroup;
			children = (
				358BD25427CD65C80030A33C /* ImageFetchApp */,
				358BD25327CD65C80030A33C /* Products */,
			);
			sourceTree = "<group>";
		};
		358BD25327CD65C80030A33C /* Products */ = {
			isa = PBXGroup;
			children = (
				358BD25227CD65C80030A33C /* ImageFetchApp.app */,
			);
			name = Products;
			sourceTree = "<group>";
		};
		358BD25427CD65C80030A33C /* ImageFetchApp */ = {
			isa = PBXGroup;
			children = (
				355220C427D2B9C200547EC6 /* Models */,
				355220C127D2B8D900547EC6 /* API */,
				357E64EB27CD9F360020C329 /* Data */,
				358BD26B27CD66190030A33C /* App */,
				358BD26A27CD66110030A33C /* Controllers */,
				358BD26927CD660A0030A33C /* Views */,
				358BD25E27CD65CA0030A33C /* Assets.xcassets */,
				358BD26327CD65CA0030A33C /* Info.plist */,
			);
			path = ImageFetchApp;
			sourceTree = "<group>";
		};
		358BD26927CD660A0030A33C /* Views */ = {
			isa = PBXGroup;
			children = (
				355220C827D2C2FA00547EC6 /* UserCell.xib */,
				358BD25B27CD65C80030A33C /* Main.storyboard */,
				358BD26027CD65CA0030A33C /* LaunchScreen.storyboard */,
			);
			path = Views;
			sourceTree = "<group>";
		};
		358BD26A27CD66110030A33C /* Controllers */ = {
			isa = PBXGroup;
			children = (
				358BD25927CD65C80030A33C /* MainVC.swift */,
				355220C527D2BFAF00547EC6 /* UsersVC.swift */,
				355220CB27D2EE1E00547EC6 /* UserDetailedVC.swift */,
				355220C727D2C2FA00547EC6 /* UserCell.swift */,
			);
			path = Controllers;
			sourceTree = "<group>";
		};
		358BD26B27CD66190030A33C /* App */ = {
			isa = PBXGroup;
			children = (
				358BD25527CD65C80030A33C /* AppDelegate.swift */,
				358BD25727CD65C80030A33C /* SceneDelegate.swift */,
			);
			path = App;
			sourceTree = "<group>";
		};
/* End PBXGroup section */

/* Begin PBXNativeTarget section */
		358BD25127CD65C80030A33C /* ImageFetchApp */ = {
			isa = PBXNativeTarget;
			buildConfigurationList = 358BD26627CD65CA0030A33C /* Build configuration list for PBXNativeTarget "ImageFetchApp" */;
			buildPhases = (
				358BD24E27CD65C80030A33C /* Sources */,
				358BD24F27CD65C80030A33C /* Frameworks */,
				358BD25027CD65C80030A33C /* Resources */,
			);
			buildRules = (
			);
			dependencies = (
			);
			name = ImageFetchApp;
			packageProductDependencies = (
				35E2921527D56A6400A29B76 /* Alamofire */,
				35E2921827D56F7900A29B76 /* SwiftyJSON */,
			);
			productName = ImageFetchApp;
			productReference = 358BD25227CD65C80030A33C /* ImageFetchApp.app */;
			productType = "com.apple.product-type.application";
		};
/* End PBXNativeTarget section */

/* Begin PBXProject section */
		358BD24A27CD65C80030A33C /* Project object */ = {
			isa = PBXProject;
			attributes = {
				BuildIndependentTargetsInParallel = 1;
				LastSwiftUpdateCheck = 1320;
				LastUpgradeCheck = 1320;
				TargetAttributes = {
					358BD25127CD65C80030A33C = {
						CreatedOnToolsVersion = 13.2.1;
					};
				};
			};
			buildConfigurationList = 358BD24D27CD65C80030A33C /* Build configuration list for PBXProject "ImageFetchApp" */;
			compatibilityVersion = "Xcode 13.0";
			developmentRegion = en;
			hasScannedForEncodings = 0;
			knownRegions = (
				en,
				Base,
			);
			mainGroup = 358BD24927CD65C80030A33C;
			packageReferences = (
				35E2921427D56A6300A29B76 /* XCRemoteSwiftPackageReference "Alamofire" */,
				35E2921727D56F7900A29B76 /* XCRemoteSwiftPackageReference "SwiftyJSON" */,
			);
			productRefGroup = 358BD25327CD65C80030A33C /* Products */;
			projectDirPath = "";
			projectRoot = "";
			targets = (
				358BD25127CD65C80030A33C /* ImageFetchApp */,
			);
		};
/* End PBXProject section */

/* Begin PBXResourcesBuildPhase section */
		358BD25027CD65C80030A33C /* Resources */ = {
			isa = PBXResourcesBuildPhase;
			buildActionMask = 2147483647;
			files = (
				355220CA27D2C2FA00547EC6 /* UserCell.xib in Resources */,
				358BD26227CD65CA0030A33C /* LaunchScreen.storyboard in Resources */,
				358BD25F27CD65CA0030A33C /* Assets.xcassets in Resources */,
				358BD25D27CD65C80030A33C /* Main.storyboard in Resources */,
			);
			runOnlyForDeploymentPostprocessing = 0;
		};
/* End PBXResourcesBuildPhase section */

/* Begin PBXSourcesBuildPhase section */
		358BD24E27CD65C80030A33C /* Sources */ = {
			isa = PBXSourcesBuildPhase;
			buildActionMask = 2147483647;
			files = (
				358BD25A27CD65C80030A33C /* MainVC.swift in Sources */,
				358BD25627CD65C80030A33C /* AppDelegate.swift in Sources */,
				355220C027D2B8D400547EC6 /* ApiService.swift in Sources */,
				355220C627D2BFAF00547EC6 /* UsersVC.swift in Sources */,
				355220BE27D2B8C100547EC6 /* ApiConstants.swift in Sources */,
				355220C927D2C2FA00547EC6 /* UserCell.swift in Sources */,
				358BD25827CD65C80030A33C /* SceneDelegate.swift in Sources */,
				357E64EA27CD9F330020C329 /* Constants.swift in Sources */,
				355220C327D2B9BC00547EC6 /* Models.swift in Sources */,
				355220CC27D2EE1E00547EC6 /* UserDetailedVC.swift in Sources */,
			);
			runOnlyForDeploymentPostprocessing = 0;
		};
/* End PBXSourcesBuildPhase section */

/* Begin PBXVariantGroup section */
		358BD25B27CD65C80030A33C /* Main.storyboard */ = {
			isa = PBXVariantGroup;
			children = (
				358BD25C27CD65C80030A33C /* Base */,
			);
			name = Main.storyboard;
			sourceTree = "<group>";
		};
		358BD26027CD65CA0030A33C /* LaunchScreen.storyboard */ = {
			isa = PBXVariantGroup;
			children = (
				358BD26127CD65CA0030A33C /* Base */,
			);
			name = LaunchScreen.storyboard;
			sourceTree = "<group>";
		};
/* End PBXVariantGroup section */

/* Begin XCBuildConfiguration section */
		358BD26427CD65CA0030A33C /* Debug */ = {
			isa = XCBuildConfiguration;
			buildSettings = {
				ALWAYS_SEARCH_USER_PATHS = NO;
				CLANG_ANALYZER_NONNULL = YES;
				CLANG_ANALYZER_NUMBER_OBJECT_CONVERSION = YES_AGGRESSIVE;
				CLANG_CXX_LANGUAGE_STANDARD = "gnu++17";
				CLANG_CXX_LIBRARY = "libc++";
				CLANG_ENABLE_MODULES = YES;
				CLANG_ENABLE_OBJC_ARC = YES;
				CLANG_ENABLE_OBJC_WEAK = YES;
				CLANG_WARN_BLOCK_CAPTURE_AUTORELEASING = YES;
				CLANG_WARN_BOOL_CONVERSION = YES;
				CLANG_WARN_COMMA = YES;
				CLANG_WARN_CONSTANT_CONVERSION = YES;
				CLANG_WARN_DEPRECATED_OBJC_IMPLEMENTATIONS = YES;
				CLANG_WARN_DIRECT_OBJC_ISA_USAGE = YES_ERROR;
				CLANG_WARN_DOCUMENTATION_COMMENTS = YES;
				CLANG_WARN_EMPTY_BODY = YES;
				CLANG_WARN_ENUM_CONVERSION = YES;
				CLANG_WARN_INFINITE_RECURSION = YES;
				CLANG_WARN_INT_CONVERSION = YES;
				CLANG_WARN_NON_LITERAL_NULL_CONVERSION = YES;
				CLANG_WARN_OBJC_IMPLICIT_RETAIN_SELF = YES;
				CLANG_WARN_OBJC_LITERAL_CONVERSION = YES;
				CLANG_WARN_OBJC_ROOT_CLASS = YES_ERROR;
				CLANG_WARN_QUOTED_INCLUDE_IN_FRAMEWORK_HEADER = YES;
				CLANG_WARN_RANGE_LOOP_ANALYSIS = YES;
				CLANG_WARN_STRICT_PROTOTYPES = YES;
				CLANG_WARN_SUSPICIOUS_MOVE = YES;
				CLANG_WARN_UNGUARDED_AVAILABILITY = YES_AGGRESSIVE;
				CLANG_WARN_UNREACHABLE_CODE = YES;
				CLANG_WARN__DUPLICATE_METHOD_MATCH = YES;
				COPY_PHASE_STRIP = NO;
				DEBUG_INFORMATION_FORMAT = dwarf;
				ENABLE_STRICT_OBJC_MSGSEND = YES;
				ENABLE_TESTABILITY = YES;
				GCC_C_LANGUAGE_STANDARD = gnu11;
				GCC_DYNAMIC_NO_PIC = NO;
				GCC_NO_COMMON_BLOCKS = YES;
				GCC_OPTIMIZATION_LEVEL = 0;
				GCC_PREPROCESSOR_DEFINITIONS = (
					"DEBUG=1",
					"$(inherited)",
				);
				GCC_WARN_64_TO_32_BIT_CONVERSION = YES;
				GCC_WARN_ABOUT_RETURN_TYPE = YES_ERROR;
				GCC_WARN_UNDECLARED_SELECTOR = YES;
				GCC_WARN_UNINITIALIZED_AUTOS = YES_AGGRESSIVE;
				GCC_WARN_UNUSED_FUNCTION = YES;
				GCC_WARN_UNUSED_VARIABLE = YES;
				IPHONEOS_DEPLOYMENT_TARGET = 15.2;
				MTL_ENABLE_DEBUG_INFO = INCLUDE_SOURCE;
				MTL_FAST_MATH = YES;
				ONLY_ACTIVE_ARCH = YES;
				SDKROOT = iphoneos;
				SWIFT_ACTIVE_COMPILATION_CONDITIONS = DEBUG;
				SWIFT_OPTIMIZATION_LEVEL = "-Onone";
			};
			name = Debug;
		};
		358BD26527CD65CA0030A33C /* Release */ = {
			isa = XCBuildConfiguration;
			buildSettings = {
				ALWAYS_SEARCH_USER_PATHS = NO;
				CLANG_ANALYZER_NONNULL = YES;
				CLANG_ANALYZER_NUMBER_OBJECT_CONVERSION = YES_AGGRESSIVE;
				CLANG_CXX_LANGUAGE_STANDARD = "gnu++17";
				CLANG_CXX_LIBRARY = "libc++";
				CLANG_ENABLE_MODULES = YES;
				CLANG_ENABLE_OBJC_ARC = YES;
				CLANG_ENABLE_OBJC_WEAK = YES;
				CLANG_WARN_BLOCK_CAPTURE_AUTORELEASING = YES;
				CLANG_WARN_BOOL_CONVERSION = YES;
				CLANG_WARN_COMMA = YES;
				CLANG_WARN_CONSTANT_CONVERSION = YES;
				CLANG_WARN_DEPRECATED_OBJC_IMPLEMENTATIONS = YES;
				CLANG_WARN_DIRECT_OBJC_ISA_USAGE = YES_ERROR;
				CLANG_WARN_DOCUMENTATION_COMMENTS = YES;
				CLANG_WARN_EMPTY_BODY = YES;
				CLANG_WARN_ENUM_CONVERSION = YES;
				CLANG_WARN_INFINITE_RECURSION = YES;
				CLANG_WARN_INT_CONVERSION = YES;
				CLANG_WARN_NON_LITERAL_NULL_CONVERSION = YES;
				CLANG_WARN_OBJC_IMPLICIT_RETAIN_SELF = YES;
				CLANG_WARN_OBJC_LITERAL_CONVERSION = YES;
				CLANG_WARN_OBJC_ROOT_CLASS = YES_ERROR;
				CLANG_WARN_QUOTED_INCLUDE_IN_FRAMEWORK_HEADER = YES;
				CLANG_WARN_RANGE_LOOP_ANALYSIS = YES;
				CLANG_WARN_STRICT_PROTOTYPES = YES;
				CLANG_WARN_SUSPICIOUS_MOVE = YES;
				CLANG_WARN_UNGUARDED_AVAILABILITY = YES_AGGRESSIVE;
				CLANG_WARN_UNREACHABLE_CODE = YES;
				CLANG_WARN__DUPLICATE_METHOD_MATCH = YES;
				COPY_PHASE_STRIP = NO;
				DEBUG_INFORMATION_FORMAT = "dwarf-with-dsym";
				ENABLE_NS_ASSERTIONS = NO;
				ENABLE_STRICT_OBJC_MSGSEND = YES;
				GCC_C_LANGUAGE_STANDARD = gnu11;
				GCC_NO_COMMON_BLOCKS = YES;
				GCC_WARN_64_TO_32_BIT_CONVERSION = YES;
				GCC_WARN_ABOUT_RETURN_TYPE = YES_ERROR;
				GCC_WARN_UNDECLARED_SELECTOR = YES;
				GCC_WARN_UNINITIALIZED_AUTOS = YES_AGGRESSIVE;
				GCC_WARN_UNUSED_FUNCTION = YES;
				GCC_WARN_UNUSED_VARIABLE = YES;
				IPHONEOS_DEPLOYMENT_TARGET = 15.2;
				MTL_ENABLE_DEBUG_INFO = NO;
				MTL_FAST_MATH = YES;
				SDKROOT = iphoneos;
				SWIFT_COMPILATION_MODE = wholemodule;
				SWIFT_OPTIMIZATION_LEVEL = "-O";
				VALIDATE_PRODUCT = YES;
			};
			name = Release;
		};
		358BD26727CD65CA0030A33C /* Debug */ = {
			isa = XCBuildConfiguration;
			buildSettings = {
				ASSETCATALOG_COMPILER_APPICON_NAME = AppIcon;
				ASSETCATALOG_COMPILER_GLOBAL_ACCENT_COLOR_NAME = AccentColor;
				CODE_SIGN_STYLE = Automatic;
				CURRENT_PROJECT_VERSION = 1;
				DEVELOPMENT_TEAM = 9VBDK94U7E;
				GENERATE_INFOPLIST_FILE = YES;
				INFOPLIST_FILE = ImageFetchApp/Info.plist;
				INFOPLIST_KEY_UIApplicationSupportsIndirectInputEvents = YES;
				INFOPLIST_KEY_UILaunchStoryboardName = LaunchScreen;
				INFOPLIST_KEY_UIMainStoryboardFile = Main;
				INFOPLIST_KEY_UISupportedInterfaceOrientations = UIInterfaceOrientationPortrait;
				INFOPLIST_KEY_UISupportedInterfaceOrientations_iPad = "UIInterfaceOrientationPortrait UIInterfaceOrientationPortraitUpsideDown UIInterfaceOrientationLandscapeLeft UIInterfaceOrientationLandscapeRight";
				INFOPLIST_KEY_UISupportedInterfaceOrientations_iPhone = "UIInterfaceOrientationPortrait UIInterfaceOrientationLandscapeLeft UIInterfaceOrientationLandscapeRight";
				LD_RUNPATH_SEARCH_PATHS = (
					"$(inherited)",
					"@executable_path/Frameworks",
				);
				MARKETING_VERSION = 1.0;
				PRODUCT_BUNDLE_IDENTIFIER = val.ImageFetchApp;
				PRODUCT_NAME = "$(TARGET_NAME)";
				SWIFT_EMIT_LOC_STRINGS = YES;
				SWIFT_VERSION = 5.0;
				TARGETED_DEVICE_FAMILY = 1;
			};
			name = Debug;
		};
		358BD26827CD65CA0030A33C /* Release */ = {
			isa = XCBuildConfiguration;
			buildSettings = {
				ASSETCATALOG_COMPILER_APPICON_NAME = AppIcon;
				ASSETCATALOG_COMPILER_GLOBAL_ACCENT_COLOR_NAME = AccentColor;
				CODE_SIGN_STYLE = Automatic;
				CURRENT_PROJECT_VERSION = 1;
				DEVELOPMENT_TEAM = 9VBDK94U7E;
				GENERATE_INFOPLIST_FILE = YES;
				INFOPLIST_FILE = ImageFetchApp/Info.plist;
				INFOPLIST_KEY_UIApplicationSupportsIndirectInputEvents = YES;
				INFOPLIST_KEY_UILaunchStoryboardName = LaunchScreen;
				INFOPLIST_KEY_UIMainStoryboardFile = Main;
				INFOPLIST_KEY_UISupportedInterfaceOrientations = UIInterfaceOrientationPortrait;
				INFOPLIST_KEY_UISupportedInterfaceOrientations_iPad = "UIInterfaceOrientationPortrait UIInterfaceOrientationPortraitUpsideDown UIInterfaceOrientationLandscapeLeft UIInterfaceOrientationLandscapeRight";
				INFOPLIST_KEY_UISupportedInterfaceOrientations_iPhone = "UIInterfaceOrientationPortrait UIInterfaceOrientationLandscapeLeft UIInterfaceOrientationLandscapeRight";
				LD_RUNPATH_SEARCH_PATHS = (
					"$(inherited)",
					"@executable_path/Frameworks",
				);
				MARKETING_VERSION = 1.0;
				PRODUCT_BUNDLE_IDENTIFIER = val.ImageFetchApp;
				PRODUCT_NAME = "$(TARGET_NAME)";
				SWIFT_EMIT_LOC_STRINGS = YES;
				SWIFT_VERSION = 5.0;
				TARGETED_DEVICE_FAMILY = 1;
			};
			name = Release;
		};
/* End XCBuildConfiguration section */

/* Begin XCConfigurationList section */
		358BD24D27CD65C80030A33C /* Build configuration list for PBXProject "ImageFetchApp" */ = {
			isa = XCConfigurationList;
			buildConfigurations = (
				358BD26427CD65CA0030A33C /* Debug */,
				358BD26527CD65CA0030A33C /* Release */,
			);
			defaultConfigurationIsVisible = 0;
			defaultConfigurationName = Release;
		};
		358BD26627CD65CA0030A33C /* Build configuration list for PBXNativeTarget "ImageFetchApp" */ = {
			isa = XCConfigurationList;
			buildConfigurations = (
				358BD26727CD65CA0030A33C /* Debug */,
				358BD26827CD65CA0030A33C /* Release */,
			);
			defaultConfigurationIsVisible = 0;
			defaultConfigurationName = Release;
		};
/* End XCConfigurationList section */

/* Begin XCRemoteSwiftPackageReference section */
		35E2921427D56A6300A29B76 /* XCRemoteSwiftPackageReference "Alamofire" */ = {
			isa = XCRemoteSwiftPackageReference;
			repositoryURL = "https://github.com/Alamofire/Alamofire.git";
			requirement = {
				kind = upToNextMajorVersion;
				minimumVersion = 5.0.0;
			};
		};
		35E2921727D56F7900A29B76 /* XCRemoteSwiftPackageReference "SwiftyJSON" */ = {
			isa = XCRemoteSwiftPackageReference;
			repositoryURL = "https://github.com/SwiftyJSON/SwiftyJSON.git";
			requirement = {
				kind = upToNextMajorVersion;
				minimumVersion = 5.0.0;
			};
		};
/* End XCRemoteSwiftPackageReference section */

/* Begin XCSwiftPackageProductDependency section */
		35E2921527D56A6400A29B76 /* Alamofire */ = {
			isa = XCSwiftPackageProductDependency;
			package = 35E2921427D56A6300A29B76 /* XCRemoteSwiftPackageReference "Alamofire" */;
			productName = Alamofire;
		};
		35E2921827D56F7900A29B76 /* SwiftyJSON */ = {
			isa = XCSwiftPackageProductDependency;
			package = 35E2921727D56F7900A29B76 /* XCRemoteSwiftPackageReference "SwiftyJSON" */;
			productName = SwiftyJSON;
		};
/* End XCSwiftPackageProductDependency section */
	};
	rootObject = 358BD24A27CD65C80030A33C /* Project object */;
}
